
Microsoft Visual Studio Solution File, Format Version 12.00
# Visual Studio Version 16
VisualStudioVersion = 16.0.30503.244
MinimumVisualStudioVersion = 10.0.40219.1
Project("{FAE04EC0-301F-11D3-BF4B-00C04F79EFBC}") = "API", "API\API.csproj", "{5609EFAA-976F-4E6E-8C34-A562F4BF884E}"
EndProject
Project("{FAE04EC0-301F-11D3-BF4B-00C04F79EFBC}") = "MVC", "MVC\MVC.csproj", "{FB18C928-1BAA-4912-9060-1BABED50B3BB}"
EndProject
Global
	GlobalSection(SolutionConfigurationPlatforms) = preSolution
		Debug|Any CPU = Debug|Any CPU
		Release|Any CPU = Release|Any CPU
	EndGlobalSection
	GlobalSection(ProjectConfigurationPlatforms) = postSolution
		{5609EFAA-976F-4E6E-8C34-A562F4BF884E}.Debug|Any CPU.ActiveCfg = Debug|Any CPU
		{5609EFAA-976F-4E6E-8C34-A562F4BF884E}.Debug|Any CPU.Build.0 = Debug|Any CPU
		{5609EFAA-976F-4E6E-8C34-A562F4BF884E}.Release|Any CPU.ActiveCfg = Release|Any CPU
		{5609EFAA-976F-4E6E-8C34-A562F4BF884E}.Release|Any CPU.Build.0 = Release|Any CPU
		{FB18C928-1BAA-4912-9060-1BABED50B3BB}.Debug|Any CPU.ActiveCfg = Debug|Any CPU
		{FB18C928-1BAA-4912-9060-1BABED50B3BB}.Debug|Any CPU.Build.0 = Debug|Any CPU
		{FB18C928-1BAA-4912-9060-1BABED50B3BB}.Release|Any CPU.ActiveCfg = Release|Any CPU
		{FB18C928-1BAA-4912-9060-1BABED50B3BB}.Release|Any CPU.Build.0 = Release|Any CPU
	EndGlobalSection
	GlobalSection(SolutionProperties) = preSolution
		HideSolutionNode = FALSE
	EndGlobalSection
	GlobalSection(ExtensibilityGlobals) = postSolution
		SolutionGuid = {174C0294-3362-4E76-A2A6-7A9748860B27}
	EndGlobalSection
EndGlobal
